
Microsoft Visual Studio Solution File, Format Version 12.00
# Visual Studio Version 16
VisualStudioVersion = 16.0.33130.400
MinimumVisualStudioVersion = 10.0.40219.1
Project("{FAE04EC0-301F-11D3-BF4B-00C04F79EFBC}") = "ASP.NET_With_Curd_Gridview", "ASP.NET_With_Curd_Gridview\ASP.NET_With_Curd_Gridview.csproj", "{FFBCE30E-8000-4FA8-928B-B4468BD1B89D}"
EndProject
Global
	GlobalSection(SolutionConfigurationPlatforms) = preSolution
		Debug|Any CPU = Debug|Any CPU
		Release|Any CPU = Release|Any CPU
	EndGlobalSection
	GlobalSection(ProjectConfigurationPlatforms) = postSolution
		{FFBCE30E-8000-4FA8-928B-B4468BD1B89D}.Debug|Any CPU.ActiveCfg = Debug|Any CPU
		{FFBCE30E-8000-4FA8-928B-B4468BD1B89D}.Debug|Any CPU.Build.0 = Debug|Any CPU
		{FFBCE30E-8000-4FA8-928B-B4468BD1B89D}.Release|Any CPU.ActiveCfg = Release|Any CPU
		{FFBCE30E-8000-4FA8-928B-B4468BD1B89D}.Release|Any CPU.Build.0 = Release|Any CPU
	EndGlobalSection
	GlobalSection(SolutionProperties) = preSolution
		HideSolutionNode = FALSE
	EndGlobalSection
	GlobalSection(ExtensibilityGlobals) = postSolution
		SolutionGuid = {57582B93-8369-41CB-8622-D32E334DF520}
	EndGlobalSection
EndGlobal
